// !$*UTF8*$!
{
	archiveVersion = 1;
	classes = {
	};
	objectVersion = 56;
	objects = {

/* Begin PBXBuildFile section */
		9B0B8D5B2E40F5BA00FAEB09 /* ToDoApp.swift in Sources */ = {isa = PBXBuildFile; fileRef = 9B0B8D5A2E40F5BA00FAEB09 /* ToDoApp.swift */; };
		9B0B8D5F2E40F5BB00FAEB09 /* Assets.xcassets in Resources */ = {isa = PBXBuildFile; fileRef = 9B0B8D5E2E40F5BB00FAEB09 /* Assets.xcassets */; };
		9B0B8D622E40F5BB00FAEB09 /* Preview Assets.xcassets in Resources */ = {isa = PBXBuildFile; fileRef = 9B0B8D612E40F5BB00FAEB09 /* Preview Assets.xcassets */; };
		9B0B8D6C2E40F6CC00FAEB09 /* TaskListView.swift in Sources */ = {isa = PBXBuildFile; fileRef = 9B0B8D6B2E40F6CC00FAEB09 /* TaskListView.swift */; };
		9B0B8D6E2E40F6DB00FAEB09 /* TaskView.swift in Sources */ = {isa = PBXBuildFile; fileRef = 9B0B8D6D2E40F6DB00FAEB09 /* TaskView.swift */; };
		9B0B8D702E40F82200FAEB09 /* Todo.swift in Sources */ = {isa = PBXBuildFile; fileRef = 9B0B8D6F2E40F82200FAEB09 /* Todo.swift */; };
		9B0B8D762E40FA2700FAEB09 /* CoreDataModel.xcdatamodeld in Sources */ = {isa = PBXBuildFile; fileRef = 9B0B8D742E40FA2700FAEB09 /* CoreDataModel.xcdatamodeld */; };
		9B0B8D782E40FD1F00FAEB09 /* TaskViewModel.swift in Sources */ = {isa = PBXBuildFile; fileRef = 9B0B8D772E40FD1F00FAEB09 /* TaskViewModel.swift */; };
		9B3E7A922E4115700048D1AC /* DateFormatter.swift in Sources */ = {isa = PBXBuildFile; fileRef = 9B3E7A912E4115700048D1AC /* DateFormatter.swift */; };
		9BB7283B2E42011F003BC666 /* EditTitleView.swift in Sources */ = {isa = PBXBuildFile; fileRef = 9BB7283A2E42011F003BC666 /* EditTitleView.swift */; };
		9BB7283D2E42105C003BC666 /* AddTitleView.swift in Sources */ = {isa = PBXBuildFile; fileRef = 9BB7283C2E42105C003BC666 /* AddTitleView.swift */; };
/* End PBXBuildFile section */

/* Begin PBXFileReference section */
		9B0B8D572E40F5BA00FAEB09 /* ToDo.app */ = {isa = PBXFileReference; explicitFileType = wrapper.application; includeInIndex = 0; path = ToDo.app; sourceTree = BUILT_PRODUCTS_DIR; };
		9B0B8D5A2E40F5BA00FAEB09 /* ToDoApp.swift */ = {isa = PBXFileReference; lastKnownFileType = sourcecode.swift; path = ToDoApp.swift; sourceTree = "<group>"; };
		9B0B8D5E2E40F5BB00FAEB09 /* Assets.xcassets */ = {isa = PBXFileReference; lastKnownFileType = folder.assetcatalog; path = Assets.xcassets; sourceTree = "<group>"; };
		9B0B8D612E40F5BB00FAEB09 /* Preview Assets.xcassets */ = {isa = PBXFileReference; lastKnownFileType = folder.assetcatalog; path = "Preview Assets.xcassets"; sourceTree = "<group>"; };
		9B0B8D6B2E40F6CC00FAEB09 /* TaskListView.swift */ = {isa = PBXFileReference; lastKnownFileType = sourcecode.swift; path = TaskListView.swift; sourceTree = "<group>"; };
		9B0B8D6D2E40F6DB00FAEB09 /* TaskView.swift */ = {isa = PBXFileReference; lastKnownFileType = sourcecode.swift; path = TaskView.swift; sourceTree = "<group>"; };
		9B0B8D6F2E40F82200FAEB09 /* Todo.swift */ = {isa = PBXFileReference; lastKnownFileType = sourcecode.swift; path = Todo.swift; sourceTree = "<group>"; };
		9B0B8D752E40FA2700FAEB09 /* TaskEntity.xcdatamodel */ = {isa = PBXFileReference; lastKnownFileType = wrapper.xcdatamodel; path = TaskEntity.xcdatamodel; sourceTree = "<group>"; };
		9B0B8D772E40FD1F00FAEB09 /* TaskViewModel.swift */ = {isa = PBXFileReference; lastKnownFileType = sourcecode.swift; path = TaskViewModel.swift; sourceTree = "<group>"; };
		9B3E7A912E4115700048D1AC /* DateFormatter.swift */ = {isa = PBXFileReference; lastKnownFileType = sourcecode.swift; path = DateFormatter.swift; sourceTree = "<group>"; };
		9BB7283A2E42011F003BC666 /* EditTitleView.swift */ = {isa = PBXFileReference; lastKnownFileType = sourcecode.swift; path = EditTitleView.swift; sourceTree = "<group>"; };
		9BB7283C2E42105C003BC666 /* AddTitleView.swift */ = {isa = PBXFileReference; lastKnownFileType = sourcecode.swift; path = AddTitleView.swift; sourceTree = "<group>"; };
/* End PBXFileReference section */

/* Begin PBXFrameworksBuildPhase section */
		9B0B8D542E40F5BA00FAEB09 /* Frameworks */ = {
			isa = PBXFrameworksBuildPhase;
			buildActionMask = 2147483647;
			files = (
			);
			runOnlyForDeploymentPostprocessing = 0;
		};
/* End PBXFrameworksBuildPhase section */

/* Begin PBXGroup section */
		9B0B8D4E2E40F5BA00FAEB09 = {
			isa = PBXGroup;
			children = (
				9B0B8D592E40F5BA00FAEB09 /* ToDo */,
				9B0B8D582E40F5BA00FAEB09 /* Products */,
			);
			sourceTree = "<group>";
		};
		9B0B8D582E40F5BA00FAEB09 /* Products */ = {
			isa = PBXGroup;
			children = (
				9B0B8D572E40F5BA00FAEB09 /* ToDo.app */,
			);
			name = Products;
			sourceTree = "<group>";
		};
		9B0B8D592E40F5BA00FAEB09 /* ToDo */ = {
			isa = PBXGroup;
			children = (
				9B0B8D6A2E40F6B100FAEB09 /* Model */,
				9B0B8D692E40F6A800FAEB09 /* ViewModels */,
				9B0B8D682E40F6A200FAEB09 /* Views */,
				9B3E7A902E4115630048D1AC /* Helpers */,
				9B0B8D5A2E40F5BA00FAEB09 /* ToDoApp.swift */,
				9B0B8D5E2E40F5BB00FAEB09 /* Assets.xcassets */,
				9B0B8D602E40F5BB00FAEB09 /* Preview Content */,
			);
			path = ToDo;
			sourceTree = "<group>";
		};
		9B0B8D602E40F5BB00FAEB09 /* Preview Content */ = {
			isa = PBXGroup;
			children = (
				9B0B8D612E40F5BB00FAEB09 /* Preview Assets.xcassets */,
			);
			path = "Preview Content";
			sourceTree = "<group>";
		};
		9B0B8D682E40F6A200FAEB09 /* Views */ = {
			isa = PBXGroup;
			children = (
				9B0B8D6B2E40F6CC00FAEB09 /* TaskListView.swift */,
				9B0B8D6D2E40F6DB00FAEB09 /* TaskView.swift */,
				9BB7283C2E42105C003BC666 /* AddTitleView.swift */,
				9BB7283A2E42011F003BC666 /* EditTitleView.swift */,
			);
			path = Views;
			sourceTree = "<group>";
		};
		9B0B8D692E40F6A800FAEB09 /* ViewModels */ = {
			isa = PBXGroup;
			children = (
				9B0B8D772E40FD1F00FAEB09 /* TaskViewModel.swift */,
			);
			path = ViewModels;
			sourceTree = "<group>";
		};
		9B0B8D6A2E40F6B100FAEB09 /* Model */ = {
			isa = PBXGroup;
			children = (
				9B0B8D6F2E40F82200FAEB09 /* Todo.swift */,
				9B0B8D742E40FA2700FAEB09 /* CoreDataModel.xcdatamodeld */,
			);
			path = Model;
			sourceTree = "<group>";
		};
		9B3E7A902E4115630048D1AC /* Helpers */ = {
			isa = PBXGroup;
			children = (
				9B3E7A912E4115700048D1AC /* DateFormatter.swift */,
			);
			path = Helpers;
			sourceTree = "<group>";
		};
/* End PBXGroup section */

/* Begin PBXNativeTarget section */
		9B0B8D562E40F5BA00FAEB09 /* ToDo */ = {
			isa = PBXNativeTarget;
			buildConfigurationList = 9B0B8D652E40F5BB00FAEB09 /* Build configuration list for PBXNativeTarget "ToDo" */;
			buildPhases = (
				9B0B8D532E40F5BA00FAEB09 /* Sources */,
				9B0B8D542E40F5BA00FAEB09 /* Frameworks */,
				9B0B8D552E40F5BA00FAEB09 /* Resources */,
			);
			buildRules = (
			);
			dependencies = (
			);
			name = ToDo;
			productName = ToDo;
			productReference = 9B0B8D572E40F5BA00FAEB09 /* ToDo.app */;
			productType = "com.apple.product-type.application";
		};
/* End PBXNativeTarget section */

/* Begin PBXProject section */
		9B0B8D4F2E40F5BA00FAEB09 /* Project object */ = {
			isa = PBXProject;
			attributes = {
				BuildIndependentTargetsInParallel = 1;
				LastSwiftUpdateCheck = 1540;
				LastUpgradeCheck = 1540;
				TargetAttributes = {
					9B0B8D562E40F5BA00FAEB09 = {
						CreatedOnToolsVersion = 15.4;
					};
				};
			};
			buildConfigurationList = 9B0B8D522E40F5BA00FAEB09 /* Build configuration list for PBXProject "ToDo" */;
			compatibilityVersion = "Xcode 14.0";
			developmentRegion = en;
			hasScannedForEncodings = 0;
			knownRegions = (
				en,
				Base,
			);
			mainGroup = 9B0B8D4E2E40F5BA00FAEB09;
			productRefGroup = 9B0B8D582E40F5BA00FAEB09 /* Products */;
			projectDirPath = "";
			projectRoot = "";
			targets = (
				9B0B8D562E40F5BA00FAEB09 /* ToDo */,
			);
		};
/* End PBXProject section */

/* Begin PBXResourcesBuildPhase section */
		9B0B8D552E40F5BA00FAEB09 /* Resources */ = {
			isa = PBXResourcesBuildPhase;
			buildActionMask = 2147483647;
			files = (
				9B0B8D622E40F5BB00FAEB09 /* Preview Assets.xcassets in Resources */,
				9B0B8D5F2E40F5BB00FAEB09 /* Assets.xcassets in Resources */,
			);
			runOnlyForDeploymentPostprocessing = 0;
		};
/* End PBXResourcesBuildPhase section */

/* Begin PBXSourcesBuildPhase section */
		9B0B8D532E40F5BA00FAEB09 /* Sources */ = {
			isa = PBXSourcesBuildPhase;
			buildActionMask = 2147483647;
			files = (
				9B0B8D6C2E40F6CC00FAEB09 /* TaskListView.swift in Sources */,
				9BB7283B2E42011F003BC666 /* EditTitleView.swift in Sources */,
				9B0B8D782E40FD1F00FAEB09 /* TaskViewModel.swift in Sources */,
				9B0B8D762E40FA2700FAEB09 /* CoreDataModel.xcdatamodeld in Sources */,
				9B3E7A922E4115700048D1AC /* DateFormatter.swift in Sources */,
				9B0B8D5B2E40F5BA00FAEB09 /* ToDoApp.swift in Sources */,
				9BB7283D2E42105C003BC666 /* AddTitleView.swift in Sources */,
				9B0B8D6E2E40F6DB00FAEB09 /* TaskView.swift in Sources */,
				9B0B8D702E40F82200FAEB09 /* Todo.swift in Sources */,
			);
			runOnlyForDeploymentPostprocessing = 0;
		};
/* End PBXSourcesBuildPhase section */

/* Begin XCBuildConfiguration section */
		9B0B8D632E40F5BB00FAEB09 /* Debug */ = {
			isa = XCBuildConfiguration;
			buildSettings = {
				ALWAYS_SEARCH_USER_PATHS = NO;
				ASSETCATALOG_COMPILER_GENERATE_SWIFT_ASSET_SYMBOL_EXTENSIONS = YES;
				CLANG_ANALYZER_NONNULL = YES;
				CLANG_ANALYZER_NUMBER_OBJECT_CONVERSION = YES_AGGRESSIVE;
				CLANG_CXX_LANGUAGE_STANDARD = "gnu++20";
				CLANG_ENABLE_MODULES = YES;
				CLANG_ENABLE_OBJC_ARC = YES;
				CLANG_ENABLE_OBJC_WEAK = YES;
				CLANG_WARN_BLOCK_CAPTURE_AUTORELEASING = YES;
				CLANG_WARN_BOOL_CONVERSION = YES;
				CLANG_WARN_COMMA = YES;
				CLANG_WARN_CONSTANT_CONVERSION = YES;
				CLANG_WARN_DEPRECATED_OBJC_IMPLEMENTATIONS = YES;
				CLANG_WARN_DIRECT_OBJC_ISA_USAGE = YES_ERROR;
				CLANG_WARN_DOCUMENTATION_COMMENTS = YES;
				CLANG_WARN_EMPTY_BODY = YES;
				CLANG_WARN_ENUM_CONVERSION = YES;
				CLANG_WARN_INFINITE_RECURSION = YES;
				CLANG_WARN_INT_CONVERSION = YES;
				CLANG_WARN_NON_LITERAL_NULL_CONVERSION = YES;
				CLANG_WARN_OBJC_IMPLICIT_RETAIN_SELF = YES;
				CLANG_WARN_OBJC_LITERAL_CONVERSION = YES;
				CLANG_WARN_OBJC_ROOT_CLASS = YES_ERROR;
				CLANG_WARN_QUOTED_INCLUDE_IN_FRAMEWORK_HEADER = YES;
				CLANG_WARN_RANGE_LOOP_ANALYSIS = YES;
				CLANG_WARN_STRICT_PROTOTYPES = YES;
				CLANG_WARN_SUSPICIOUS_MOVE = YES;
				CLANG_WARN_UNGUARDED_AVAILABILITY = YES_AGGRESSIVE;
				CLANG_WARN_UNREACHABLE_CODE = YES;
				CLANG_WARN__DUPLICATE_METHOD_MATCH = YES;
				COPY_PHASE_STRIP = NO;
				DEBUG_INFORMATION_FORMAT = dwarf;
				ENABLE_STRICT_OBJC_MSGSEND = YES;
				ENABLE_TESTABILITY = YES;
				ENABLE_USER_SCRIPT_SANDBOXING = YES;
				GCC_C_LANGUAGE_STANDARD = gnu17;
				GCC_DYNAMIC_NO_PIC = NO;
				GCC_NO_COMMON_BLOCKS = YES;
				GCC_OPTIMIZATION_LEVEL = 0;
				GCC_PREPROCESSOR_DEFINITIONS = (
					"DEBUG=1",
					"$(inherited)",
				);
				GCC_WARN_64_TO_32_BIT_CONVERSION = YES;
				GCC_WARN_ABOUT_RETURN_TYPE = YES_ERROR;
				GCC_WARN_UNDECLARED_SELECTOR = YES;
				GCC_WARN_UNINITIALIZED_AUTOS = YES_AGGRESSIVE;
				GCC_WARN_UNUSED_FUNCTION = YES;
				GCC_WARN_UNUSED_VARIABLE = YES;
				IPHONEOS_DEPLOYMENT_TARGET = 17.5;
				LOCALIZATION_PREFERS_STRING_CATALOGS = YES;
				MTL_ENABLE_DEBUG_INFO = INCLUDE_SOURCE;
				MTL_FAST_MATH = YES;
				ONLY_ACTIVE_ARCH = YES;
				SDKROOT = iphoneos;
				SWIFT_ACTIVE_COMPILATION_CONDITIONS = "DEBUG $(inherited)";
				SWIFT_OPTIMIZATION_LEVEL = "-Onone";
			};
			name = Debug;
		};
		9B0B8D642E40F5BB00FAEB09 /* Release */ = {
			isa = XCBuildConfiguration;
			buildSettings = {
				ALWAYS_SEARCH_USER_PATHS = NO;
				ASSETCATALOG_COMPILER_GENERATE_SWIFT_ASSET_SYMBOL_EXTENSIONS = YES;
				CLANG_ANALYZER_NONNULL = YES;
				CLANG_ANALYZER_NUMBER_OBJECT_CONVERSION = YES_AGGRESSIVE;
				CLANG_CXX_LANGUAGE_STANDARD = "gnu++20";
				CLANG_ENABLE_MODULES = YES;
				CLANG_ENABLE_OBJC_ARC = YES;
				CLANG_ENABLE_OBJC_WEAK = YES;
				CLANG_WARN_BLOCK_CAPTURE_AUTORELEASING = YES;
				CLANG_WARN_BOOL_CONVERSION = YES;
				CLANG_WARN_COMMA = YES;
				CLANG_WARN_CONSTANT_CONVERSION = YES;
				CLANG_WARN_DEPRECATED_OBJC_IMPLEMENTATIONS = YES;
				CLANG_WARN_DIRECT_OBJC_ISA_USAGE = YES_ERROR;
				CLANG_WARN_DOCUMENTATION_COMMENTS = YES;
				CLANG_WARN_EMPTY_BODY = YES;
				CLANG_WARN_ENUM_CONVERSION = YES;
				CLANG_WARN_INFINITE_RECURSION = YES;
				CLANG_WARN_INT_CONVERSION = YES;
				CLANG_WARN_NON_LITERAL_NULL_CONVERSION = YES;
				CLANG_WARN_OBJC_IMPLICIT_RETAIN_SELF = YES;
				CLANG_WARN_OBJC_LITERAL_CONVERSION = YES;
				CLANG_WARN_OBJC_ROOT_CLASS = YES_ERROR;
				CLANG_WARN_QUOTED_INCLUDE_IN_FRAMEWORK_HEADER = YES;
				CLANG_WARN_RANGE_LOOP_ANALYSIS = YES;
				CLANG_WARN_STRICT_PROTOTYPES = YES;
				CLANG_WARN_SUSPICIOUS_MOVE = YES;
				CLANG_WARN_UNGUARDED_AVAILABILITY = YES_AGGRESSIVE;
				CLANG_WARN_UNREACHABLE_CODE = YES;
				CLANG_WARN__DUPLICATE_METHOD_MATCH = YES;
				COPY_PHASE_STRIP = NO;
				DEBUG_INFORMATION_FORMAT = "dwarf-with-dsym";
				ENABLE_NS_ASSERTIONS = NO;
				ENABLE_STRICT_OBJC_MSGSEND = YES;
				ENABLE_USER_SCRIPT_SANDBOXING = YES;
				GCC_C_LANGUAGE_STANDARD = gnu17;
				GCC_NO_COMMON_BLOCKS = YES;
				GCC_WARN_64_TO_32_BIT_CONVERSION = YES;
				GCC_WARN_ABOUT_RETURN_TYPE = YES_ERROR;
				GCC_WARN_UNDECLARED_SELECTOR = YES;
				GCC_WARN_UNINITIALIZED_AUTOS = YES_AGGRESSIVE;
				GCC_WARN_UNUSED_FUNCTION = YES;
				GCC_WARN_UNUSED_VARIABLE = YES;
				IPHONEOS_DEPLOYMENT_TARGET = 17.5;
				LOCALIZATION_PREFERS_STRING_CATALOGS = YES;
				MTL_ENABLE_DEBUG_INFO = NO;
				MTL_FAST_MATH = YES;
				SDKROOT = iphoneos;
				SWIFT_COMPILATION_MODE = wholemodule;
				VALIDATE_PRODUCT = YES;
			};
			name = Release;
		};
		9B0B8D662E40F5BB00FAEB09 /* Debug */ = {
			isa = XCBuildConfiguration;
			buildSettings = {
				ASSETCATALOG_COMPILER_APPICON_NAME = AppIcon;
				ASSETCATALOG_COMPILER_GLOBAL_ACCENT_COLOR_NAME = AccentColor;
				CODE_SIGN_STYLE = Automatic;
				CURRENT_PROJECT_VERSION = 1;
				DEVELOPMENT_ASSET_PATHS = "\"ToDo/Preview Content\"";
				DEVELOPMENT_TEAM = M68A594A7Q;
				ENABLE_PREVIEWS = YES;
				GENERATE_INFOPLIST_FILE = YES;
				INFOPLIST_KEY_UIApplicationSceneManifest_Generation = YES;
				INFOPLIST_KEY_UIApplicationSupportsIndirectInputEvents = YES;
				INFOPLIST_KEY_UILaunchScreen_Generation = YES;
				INFOPLIST_KEY_UISupportedInterfaceOrientations_iPad = "UIInterfaceOrientationPortrait UIInterfaceOrientationPortraitUpsideDown UIInterfaceOrientationLandscapeLeft UIInterfaceOrientationLandscapeRight";
				INFOPLIST_KEY_UISupportedInterfaceOrientations_iPhone = "UIInterfaceOrientationPortrait UIInterfaceOrientationLandscapeLeft UIInterfaceOrientationLandscapeRight";
				LD_RUNPATH_SEARCH_PATHS = (
					"$(inherited)",
					"@executable_path/Frameworks",
				);
				MARKETING_VERSION = 1.0;
				PRODUCT_BUNDLE_IDENTIFIER = com.Restarted;
				PRODUCT_NAME = "$(TARGET_NAME)";
				SWIFT_EMIT_LOC_STRINGS = YES;
				SWIFT_VERSION = 5.0;
				TARGETED_DEVICE_FAMILY = "1,2";
			};
			name = Debug;
		};
		9B0B8D672E40F5BB00FAEB09 /* Release */ = {
			isa = XCBuildConfiguration;
			buildSettings = {
				ASSETCATALOG_COMPILER_APPICON_NAME = AppIcon;
				ASSETCATALOG_COMPILER_GLOBAL_ACCENT_COLOR_NAME = AccentColor;
				CODE_SIGN_STYLE = Automatic;
				CURRENT_PROJECT_VERSION = 1;
				DEVELOPMENT_ASSET_PATHS = "\"ToDo/Preview Content\"";
				DEVELOPMENT_TEAM = M68A594A7Q;
				ENABLE_PREVIEWS = YES;
				GENERATE_INFOPLIST_FILE = YES;
				INFOPLIST_KEY_UIApplicationSceneManifest_Generation = YES;
				INFOPLIST_KEY_UIApplicationSupportsIndirectInputEvents = YES;
				INFOPLIST_KEY_UILaunchScreen_Generation = YES;
				INFOPLIST_KEY_UISupportedInterfaceOrientations_iPad = "UIInterfaceOrientationPortrait UIInterfaceOrientationPortraitUpsideDown UIInterfaceOrientationLandscapeLeft UIInterfaceOrientationLandscapeRight";
				INFOPLIST_KEY_UISupportedInterfaceOrientations_iPhone = "UIInterfaceOrientationPortrait UIInterfaceOrientationLandscapeLeft UIInterfaceOrientationLandscapeRight";
				LD_RUNPATH_SEARCH_PATHS = (
					"$(inherited)",
					"@executable_path/Frameworks",
				);
				MARKETING_VERSION = 1.0;
				PRODUCT_BUNDLE_IDENTIFIER = com.Restarted;
				PRODUCT_NAME = "$(TARGET_NAME)";
				SWIFT_EMIT_LOC_STRINGS = YES;
				SWIFT_VERSION = 5.0;
				TARGETED_DEVICE_FAMILY = "1,2";
			};
			name = Release;
		};
/* End XCBuildConfiguration section */

/* Begin XCConfigurationList section */
		9B0B8D522E40F5BA00FAEB09 /* Build configuration list for PBXProject "ToDo" */ = {
			isa = XCConfigurationList;
			buildConfigurations = (
				9B0B8D632E40F5BB00FAEB09 /* Debug */,
				9B0B8D642E40F5BB00FAEB09 /* Release */,
			);
			defaultConfigurationIsVisible = 0;
			defaultConfigurationName = Release;
		};
		9B0B8D652E40F5BB00FAEB09 /* Build configuration list for PBXNativeTarget "ToDo" */ = {
			isa = XCConfigurationList;
			buildConfigurations = (
				9B0B8D662E40F5BB00FAEB09 /* Debug */,
				9B0B8D672E40F5BB00FAEB09 /* Release */,
			);
			defaultConfigurationIsVisible = 0;
			defaultConfigurationName = Release;
		};
/* End XCConfigurationList section */

/* Begin XCVersionGroup section */
		9B0B8D742E40FA2700FAEB09 /* CoreDataModel.xcdatamodeld */ = {
			isa = XCVersionGroup;
			children = (
				9B0B8D752E40FA2700FAEB09 /* TaskEntity.xcdatamodel */,
			);
			currentVersion = 9B0B8D752E40FA2700FAEB09 /* TaskEntity.xcdatamodel */;
			path = CoreDataModel.xcdatamodeld;
			sourceTree = "<group>";
			versionGroupType = wrapper.xcdatamodel;
		};
/* End XCVersionGroup section */
	};
	rootObject = 9B0B8D4F2E40F5BA00FAEB09 /* Project object */;
}
